
Microsoft Visual Studio Solution File, Format Version 12.00
# Visual Studio Version 17
VisualStudioVersion = 17.9.34728.123
MinimumVisualStudioVersion = 10.0.40219.1
Project("{9A19103F-16F7-4668-BE54-9A1E7A4F7556}") = "LinguaRise.Api", "LinguaRise.Server\LinguaRise.Api.csproj", "{09C60E90-4608-45B5-855D-10B9B8094460}"
	ProjectSection(ProjectDependencies) = postProject
		{09D4779F-40DF-4114-BE0C-0BE88F31C929} = {09D4779F-40DF-4114-BE0C-0BE88F31C929}
		{CE38E7D5-F417-4703-9DF6-3AEE8906CF3F} = {CE38E7D5-F417-4703-9DF6-3AEE8906CF3F}
		{F2E231F3-792C-46FD-AD31-370800E70AC6} = {F2E231F3-792C-46FD-AD31-370800E70AC6}
	EndProjectSection
EndProject
Project("{54A90642-561A-4BB1-A94E-469ADEE60C69}") = "linguarise.app", "linguarise.client\linguarise.app.esproj", "{38B1E9D7-3B08-4C69-88ED-3F570BDA0961}"
EndProject
Project("{2150E333-8FDC-42A3-9474-1A3956D46DE8}") = "Frontend", "Frontend", "{81C56D4F-E815-4F52-B680-F69235A5B144}"
EndProject
Project("{2150E333-8FDC-42A3-9474-1A3956D46DE8}") = "Backend", "Backend", "{5DF0EFF1-CE1A-4C1F-AD79-03B2A2442A6E}"
EndProject
Project("{9A19103F-16F7-4668-BE54-9A1E7A4F7556}") = "LinguaRise.Models", "LinguaRise.Models\LinguaRise.Models.csproj", "{09D4779F-40DF-4114-BE0C-0BE88F31C929}"
EndProject
Project("{9A19103F-16F7-4668-BE54-9A1E7A4F7556}") = "LinguaRise.Repositories", "LinguaRise.Repositories\LinguaRise.Repositories.csproj", "{F2E231F3-792C-46FD-AD31-370800E70AC6}"
	ProjectSection(ProjectDependencies) = postProject
		{09D4779F-40DF-4114-BE0C-0BE88F31C929} = {09D4779F-40DF-4114-BE0C-0BE88F31C929}
		{54F688A8-2BBA-47D7-8CF2-6B7BF2F6A917} = {54F688A8-2BBA-47D7-8CF2-6B7BF2F6A917}
	EndProjectSection
EndProject
Project("{9A19103F-16F7-4668-BE54-9A1E7A4F7556}") = "LinguaRise.Services", "LinguaRise.Services\LinguaRise.Services.csproj", "{CE38E7D5-F417-4703-9DF6-3AEE8906CF3F}"
	ProjectSection(ProjectDependencies) = postProject
		{09D4779F-40DF-4114-BE0C-0BE88F31C929} = {09D4779F-40DF-4114-BE0C-0BE88F31C929}
		{F2E231F3-792C-46FD-AD31-370800E70AC6} = {F2E231F3-792C-46FD-AD31-370800E70AC6}
	EndProjectSection
EndProject
Project("{9A19103F-16F7-4668-BE54-9A1E7A4F7556}") = "LinguaRise.DataAccess", "LinguaRise.DataAccess\LinguaRise.DataAccess.csproj", "{54F688A8-2BBA-47D7-8CF2-6B7BF2F6A917}"
EndProject
Project("{9A19103F-16F7-4668-BE54-9A1E7A4F7556}") = "LinguaRise.Database", "LinguaRise.Database\LinguaRise.Database.csproj", "{B42D654C-D65D-466E-AFD4-C4359144AC93}"
EndProject
Project("{FAE04EC0-301F-11D3-BF4B-00C04F79EFBC}") = "LinguaRise.Common", "LinguaRise.Common\LinguaRise.Common.csproj", "{6E1C21CE-6ADE-4E2A-90F0-AE85407F211D}"
EndProject
Global
	GlobalSection(SolutionConfigurationPlatforms) = preSolution
		Debug|Any CPU = Debug|Any CPU
		Release|Any CPU = Release|Any CPU
	EndGlobalSection
	GlobalSection(ProjectConfigurationPlatforms) = postSolution
		{09C60E90-4608-45B5-855D-10B9B8094460}.Debug|Any CPU.ActiveCfg = Debug|Any CPU
		{09C60E90-4608-45B5-855D-10B9B8094460}.Debug|Any CPU.Build.0 = Debug|Any CPU
		{09C60E90-4608-45B5-855D-10B9B8094460}.Release|Any CPU.ActiveCfg = Release|Any CPU
		{09C60E90-4608-45B5-855D-10B9B8094460}.Release|Any CPU.Build.0 = Release|Any CPU
		{38B1E9D7-3B08-4C69-88ED-3F570BDA0961}.Debug|Any CPU.ActiveCfg = Debug|Any CPU
		{38B1E9D7-3B08-4C69-88ED-3F570BDA0961}.Debug|Any CPU.Build.0 = Debug|Any CPU
		{38B1E9D7-3B08-4C69-88ED-3F570BDA0961}.Debug|Any CPU.Deploy.0 = Debug|Any CPU
		{38B1E9D7-3B08-4C69-88ED-3F570BDA0961}.Release|Any CPU.ActiveCfg = Release|Any CPU
		{38B1E9D7-3B08-4C69-88ED-3F570BDA0961}.Release|Any CPU.Build.0 = Release|Any CPU
		{38B1E9D7-3B08-4C69-88ED-3F570BDA0961}.Release|Any CPU.Deploy.0 = Release|Any CPU
		{09D4779F-40DF-4114-BE0C-0BE88F31C929}.Debug|Any CPU.ActiveCfg = Debug|Any CPU
		{09D4779F-40DF-4114-BE0C-0BE88F31C929}.Debug|Any CPU.Build.0 = Debug|Any CPU
		{09D4779F-40DF-4114-BE0C-0BE88F31C929}.Release|Any CPU.ActiveCfg = Release|Any CPU
		{09D4779F-40DF-4114-BE0C-0BE88F31C929}.Release|Any CPU.Build.0 = Release|Any CPU
		{F2E231F3-792C-46FD-AD31-370800E70AC6}.Debug|Any CPU.ActiveCfg = Debug|Any CPU
		{F2E231F3-792C-46FD-AD31-370800E70AC6}.Debug|Any CPU.Build.0 = Debug|Any CPU
		{F2E231F3-792C-46FD-AD31-370800E70AC6}.Release|Any CPU.ActiveCfg = Release|Any CPU
		{F2E231F3-792C-46FD-AD31-370800E70AC6}.Release|Any CPU.Build.0 = Release|Any CPU
		{CE38E7D5-F417-4703-9DF6-3AEE8906CF3F}.Debug|Any CPU.ActiveCfg = Debug|Any CPU
		{CE38E7D5-F417-4703-9DF6-3AEE8906CF3F}.Debug|Any CPU.Build.0 = Debug|Any CPU
		{CE38E7D5-F417-4703-9DF6-3AEE8906CF3F}.Release|Any CPU.ActiveCfg = Release|Any CPU
		{CE38E7D5-F417-4703-9DF6-3AEE8906CF3F}.Release|Any CPU.Build.0 = Release|Any CPU
		{54F688A8-2BBA-47D7-8CF2-6B7BF2F6A917}.Debug|Any CPU.ActiveCfg = Debug|Any CPU
		{54F688A8-2BBA-47D7-8CF2-6B7BF2F6A917}.Debug|Any CPU.Build.0 = Debug|Any CPU
		{54F688A8-2BBA-47D7-8CF2-6B7BF2F6A917}.Release|Any CPU.ActiveCfg = Release|Any CPU
		{54F688A8-2BBA-47D7-8CF2-6B7BF2F6A917}.Release|Any CPU.Build.0 = Release|Any CPU
		{B42D654C-D65D-466E-AFD4-C4359144AC93}.Debug|Any CPU.ActiveCfg = Debug|Any CPU
		{B42D654C-D65D-466E-AFD4-C4359144AC93}.Debug|Any CPU.Build.0 = Debug|Any CPU
		{B42D654C-D65D-466E-AFD4-C4359144AC93}.Release|Any CPU.ActiveCfg = Release|Any CPU
		{B42D654C-D65D-466E-AFD4-C4359144AC93}.Release|Any CPU.Build.0 = Release|Any CPU
		{6E1C21CE-6ADE-4E2A-90F0-AE85407F211D}.Debug|Any CPU.ActiveCfg = Debug|Any CPU
		{6E1C21CE-6ADE-4E2A-90F0-AE85407F211D}.Debug|Any CPU.Build.0 = Debug|Any CPU
		{6E1C21CE-6ADE-4E2A-90F0-AE85407F211D}.Release|Any CPU.ActiveCfg = Release|Any CPU
		{6E1C21CE-6ADE-4E2A-90F0-AE85407F211D}.Release|Any CPU.Build.0 = Release|Any CPU
	EndGlobalSection
	GlobalSection(SolutionProperties) = preSolution
		HideSolutionNode = FALSE
	EndGlobalSection
	GlobalSection(NestedProjects) = preSolution
		{09C60E90-4608-45B5-855D-10B9B8094460} = {5DF0EFF1-CE1A-4C1F-AD79-03B2A2442A6E}
		{38B1E9D7-3B08-4C69-88ED-3F570BDA0961} = {81C56D4F-E815-4F52-B680-F69235A5B144}
		{09D4779F-40DF-4114-BE0C-0BE88F31C929} = {5DF0EFF1-CE1A-4C1F-AD79-03B2A2442A6E}
		{F2E231F3-792C-46FD-AD31-370800E70AC6} = {5DF0EFF1-CE1A-4C1F-AD79-03B2A2442A6E}
		{CE38E7D5-F417-4703-9DF6-3AEE8906CF3F} = {5DF0EFF1-CE1A-4C1F-AD79-03B2A2442A6E}
		{54F688A8-2BBA-47D7-8CF2-6B7BF2F6A917} = {5DF0EFF1-CE1A-4C1F-AD79-03B2A2442A6E}
		{B42D654C-D65D-466E-AFD4-C4359144AC93} = {5DF0EFF1-CE1A-4C1F-AD79-03B2A2442A6E}
		{6E1C21CE-6ADE-4E2A-90F0-AE85407F211D} = {5DF0EFF1-CE1A-4C1F-AD79-03B2A2442A6E}
	EndGlobalSection
	GlobalSection(ExtensibilityGlobals) = postSolution
		SolutionGuid = {CF76EAE8-DF47-41E9-BAA5-600C7273B00A}
	EndGlobalSection
EndGlobal
